{
  "version": 4,
  "terraform_version": "1.5.7",
  "serial": 65,
  "lineage": "9cb7e958-3abf-541c-cd07-e9a9543cdc7f",
  "outputs": {},
  "resources": [
    {
      "mode": "managed",
      "type": "helm_release",
      "name": "kube_prometheus_stack",
      "provider": "provider[\"registry.terraform.io/hashicorp/helm\"]",
      "instances": [
        {
          "schema_version": 1,
          "attributes": {
            "atomic": false,
            "chart": "kube-prometheus-stack",
            "cleanup_on_fail": false,
            "create_namespace": false,
            "dependency_update": false,
            "description": null,
            "devel": null,
            "disable_crd_hooks": false,
            "disable_openapi_validation": false,
            "disable_webhooks": false,
            "force_update": false,
            "id": "kube-prometheus-stack",
            "keyring": null,
            "lint": false,
            "manifest": null,
            "max_history": 0,
            "metadata": [
              {
                "app_version": "v0.68.0",
                "chart": "kube-prometheus-stack",
                "name": "kube-prometheus-stack",
                "namespace": "prometheus-stack",
                "revision": 1,
                "values": "{\"alertmanager\":{\"alertmanagerSpec\":{\"replicas\":2,\"resources\":{\"limits\":{\"cpu\":\"500m\",\"memory\":\"1Gi\"},\"requests\":{\"cpu\":\"250m\",\"memory\":\"512Mi\"}}},\"service\":{\"type\":\"ClusterIP\"}},\"grafana\":{\"adminPassword\":\"admin123\",\"enabled\":true,\"service\":{\"port\":80,\"type\":\"ClusterIP\"}},\"prometheus\":{\"prometheusSpec\":{\"resources\":{\"limits\":{\"cpu\":\"1\",\"memory\":\"2Gi\"},\"requests\":{\"cpu\":\"500m\",\"memory\":\"1Gi\"}},\"retention\":\"7d\",\"serviceMonitorSelectorNilUsesHelmValues\":false},\"service\":{\"port\":9090,\"type\":\"ClusterIP\"}}}",
                "version": "51.2.0"
              }
            ],
            "name": "kube-prometheus-stack",
            "namespace": "prometheus-stack",
            "pass_credentials": false,
            "postrender": [],
            "recreate_pods": false,
            "render_subchart_notes": true,
            "replace": false,
            "repository": "https://prometheus-community.github.io/helm-charts",
            "repository_ca_file": null,
            "repository_cert_file": null,
            "repository_key_file": null,
            "repository_password": null,
            "repository_username": null,
            "reset_values": false,
            "reuse_values": false,
            "set": [],
            "set_list": [],
            "set_sensitive": [],
            "skip_crds": false,
            "status": "deployed",
            "timeout": 300,
            "values": [
              "grafana:\n  enabled: true\n  adminPassword: \"admin123\" # Setze ein sicheres Passwort\n  service:\n    type: ClusterIP\n    port: 80\n\nprometheus:\n  prometheusSpec:\n    serviceMonitorSelectorNilUsesHelmValues: false\n    retention: \"7d\"\n    resources:\n      requests:\n        memory: \"1Gi\"\n        cpu: \"500m\"\n      limits:\n        memory: \"2Gi\"\n        cpu: \"1\"\n  service:\n    type: ClusterIP\n    port: 9090\n\nalertmanager:\n  alertmanagerSpec:\n    replicas: 2\n    resources:\n      requests:\n        memory: \"512Mi\"\n        cpu: \"250m\"\n      limits:\n        memory: \"1Gi\"\n        cpu: \"500m\"\n  service:\n    type: ClusterIP\n\n"
            ],
            "verify": false,
            "version": "51.2.0",
            "wait": true,
            "wait_for_jobs": false
          },
          "sensitive_attributes": [],
          "private": "eyJzY2hlbWFfdmVyc2lvbiI6IjEifQ=="
        }
      ]
    },
    {
      "mode": "managed",
      "type": "helm_release",
      "name": "traefik",
      "provider": "provider[\"registry.terraform.io/hashicorp/helm\"]",
      "instances": [
        {
          "schema_version": 1,
          "attributes": {
            "atomic": false,
            "chart": "traefik",
            "cleanup_on_fail": false,
            "create_namespace": false,
            "dependency_update": false,
            "description": null,
            "devel": null,
            "disable_crd_hooks": false,
            "disable_openapi_validation": false,
            "disable_webhooks": false,
            "force_update": false,
            "id": "traefik",
            "keyring": null,
            "lint": false,
            "manifest": null,
            "max_history": 0,
            "metadata": [
              {
                "app_version": "v3.2.2",
                "chart": "traefik",
                "name": "traefik",
                "namespace": "traefik",
                "revision": 1,
                "values": "{\"additionalArguments\":[\"--log.level=INFO\",\"--providers.kubernetesIngress=true\"],\"deployment\":{\"replicas\":2},\"ingressRoute\":{\"dashboard\":{\"enabled\":true}},\"ports\":{\"web\":{\"expose\":{\"enabled\":true,\"port\":80}},\"websecure\":{\"expose\":{\"enabled\":true,\"port\":443}}}}",
                "version": "33.2.1"
              }
            ],
            "name": "traefik",
            "namespace": "traefik",
            "pass_credentials": false,
            "postrender": [],
            "recreate_pods": false,
            "render_subchart_notes": true,
            "replace": false,
            "repository": "https://traefik.github.io/charts",
            "repository_ca_file": null,
            "repository_cert_file": null,
            "repository_key_file": null,
            "repository_password": null,
            "repository_username": null,
            "reset_values": false,
            "reuse_values": false,
            "set": [],
            "set_list": [],
            "set_sensitive": [],
            "skip_crds": false,
            "status": "deployed",
            "timeout": 1200,
            "values": [
              "deployment:\n  replicas: 2\n\nports:\n  web:\n    expose: \n      enabled: true\n      port: 80\n  websecure:\n    expose:\n      enabled: true\n      port: 443\n\ningressRoute:\n  dashboard:\n    enabled: true\n\nadditionalArguments:\n  - \"--log.level=INFO\"\n  - \"--providers.kubernetesIngress=true\"\n"
            ],
            "verify": false,
            "version": "33.2.1",
            "wait": true,
            "wait_for_jobs": false
          },
          "sensitive_attributes": [],
          "private": "eyJzY2hlbWFfdmVyc2lvbiI6IjEifQ=="
        }
      ]
    },
    {
      "mode": "managed",
      "type": "kubernetes_manifest",
      "name": "alertmanager_ingressroute",
      "provider": "provider[\"registry.terraform.io/hashicorp/kubernetes\"]",
      "instances": [
        {
          "schema_version": 1,
          "attributes": {
            "computed_fields": null,
            "field_manager": [],
            "manifest": {
              "value": {
                "apiVersion": "traefik.containo.us/v1alpha1",
                "kind": "IngressRoute",
                "metadata": {
                  "name": "alertmanager-ingress",
                  "namespace": "prometheus-stack"
                },
                "spec": {
                  "entryPoints": [
                    "web"
                  ],
                  "routes": [
                    {
                      "kind": "Rule",
                      "match": "PathPrefix(`/alertmanager`)",
                      "services": [
                        {
                          "name": "kube-prometheus-stack-alertmanager",
                          "port": 9093
                        }
                      ]
                    }
                  ]
                }
              },
              "type": [
                "object",
                {
                  "apiVersion": "string",
                  "kind": "string",
                  "metadata": [
                    "object",
                    {
                      "name": "string",
                      "namespace": "string"
                    }
                  ],
                  "spec": [
                    "object",
                    {
                      "entryPoints": [
                        "tuple",
                        [
                          "string"
                        ]
                      ],
                      "routes": [
                        "tuple",
                        [
                          [
                            "object",
                            {
                              "kind": "string",
                              "match": "string",
                              "services": [
                                "tuple",
                                [
                                  [
                                    "object",
                                    {
                                      "name": "string",
                                      "port": "number"
                                    }
                                  ]
                                ]
                              ]
                            }
                          ]
                        ]
                      ]
                    }
                  ]
                }
              ]
            },
            "object": {
              "value": {
                "apiVersion": "traefik.containo.us/v1alpha1",
                "kind": "IngressRoute",
                "metadata": {
                  "annotations": null,
                  "creationTimestamp": null,
                  "deletionGracePeriodSeconds": null,
                  "deletionTimestamp": null,
                  "finalizers": null,
                  "generateName": null,
                  "generation": null,
                  "labels": null,
                  "managedFields": null,
                  "name": "alertmanager-ingress",
                  "namespace": "prometheus-stack",
                  "ownerReferences": null,
                  "resourceVersion": null,
                  "selfLink": null,
                  "uid": null
                },
                "spec": {
                  "entryPoints": [
                    "web"
                  ],
                  "routes": [
                    {
                      "kind": "Rule",
                      "match": "PathPrefix(`/alertmanager`)",
                      "middlewares": null,
                      "priority": null,
                      "services": [
                        {
                          "kind": null,
                          "name": "kube-prometheus-stack-alertmanager",
                          "namespace": null,
                          "nativeLB": null,
                          "passHostHeader": null,
                          "port": "9093",
                          "responseForwarding": {
                            "flushInterval": null
                          },
                          "scheme": null,
                          "serversTransport": null,
                          "sticky": {
                            "cookie": {
                              "httpOnly": null,
                              "name": null,
                              "sameSite": null,
                              "secure": null
                            }
                          },
                          "strategy": null,
                          "weight": null
                        }
                      ]
                    }
                  ],
                  "tls": {
                    "certResolver": null,
                    "domains": null,
                    "options": {
                      "name": null,
                      "namespace": null
                    },
                    "secretName": null,
                    "store": {
                      "name": null,
                      "namespace": null
                    }
                  }
                }
              },
              "type": [
                "object",
                {
                  "apiVersion": "string",
                  "kind": "string",
                  "metadata": [
                    "object",
                    {
                      "annotations": [
                        "map",
                        "string"
                      ],
                      "creationTimestamp": "string",
                      "deletionGracePeriodSeconds": "number",
                      "deletionTimestamp": "string",
                      "finalizers": [
                        "list",
                        "string"
                      ],
                      "generateName": "string",
                      "generation": "number",
                      "labels": [
                        "map",
                        "string"
                      ],
                      "managedFields": [
                        "tuple",
                        [
                          [
                            "object",
                            {
                              "apiVersion": "string",
                              "fieldsType": "string",
                              "fieldsV1": "dynamic",
                              "manager": "string",
                              "operation": "string",
                              "subresource": "string",
                              "time": "string"
                            }
                          ]
                        ]
                      ],
                      "name": "string",
                      "namespace": "string",
                      "ownerReferences": [
                        "list",
                        [
                          "object",
                          {
                            "apiVersion": "string",
                            "blockOwnerDeletion": "bool",
                            "controller": "bool",
                            "kind": "string",
                            "name": "string",
                            "uid": "string"
                          }
                        ]
                      ],
                      "resourceVersion": "string",
                      "selfLink": "string",
                      "uid": "string"
                    }
                  ],
                  "spec": [
                    "object",
                    {
                      "entryPoints": [
                        "list",
                        "string"
                      ],
                      "routes": [
                        "list",
                        [
                          "object",
                          {
                            "kind": "string",
                            "match": "string",
                            "middlewares": [
                              "list",
                              [
                                "object",
                                {
                                  "name": "string",
                                  "namespace": "string"
                                }
                              ]
                            ],
                            "priority": "number",
                            "services": [
                              "list",
                              [
                                "object",
                                {
                                  "kind": "string",
                                  "name": "string",
                                  "namespace": "string",
                                  "nativeLB": "bool",
                                  "passHostHeader": "bool",
                                  "port": "string",
                                  "responseForwarding": [
                                    "object",
                                    {
                                      "flushInterval": "string"
                                    }
                                  ],
                                  "scheme": "string",
                                  "serversTransport": "string",
                                  "sticky": [
                                    "object",
                                    {
                                      "cookie": [
                                        "object",
                                        {
                                          "httpOnly": "bool",
                                          "name": "string",
                                          "sameSite": "string",
                                          "secure": "bool"
                                        }
                                      ]
                                    }
                                  ],
                                  "strategy": "string",
                                  "weight": "number"
                                }
                              ]
                            ]
                          }
                        ]
                      ],
                      "tls": [
                        "object",
                        {
                          "certResolver": "string",
                          "domains": [
                            "list",
                            [
                              "object",
                              {
                                "main": "string",
                                "sans": [
                                  "list",
                                  "string"
                                ]
                              }
                            ]
                          ],
                          "options": [
                            "object",
                            {
                              "name": "string",
                              "namespace": "string"
                            }
                          ],
                          "secretName": "string",
                          "store": [
                            "object",
                            {
                              "name": "string",
                              "namespace": "string"
                            }
                          ]
                        }
                      ]
                    }
                  ]
                }
              ]
            },
            "timeouts": [],
            "wait": [],
            "wait_for": null
          },
          "sensitive_attributes": []
        }
      ]
    },
    {
      "mode": "managed",
      "type": "kubernetes_manifest",
      "name": "grafana_ingressroute",
      "provider": "provider[\"registry.terraform.io/hashicorp/kubernetes\"]",
      "instances": [
        {
          "schema_version": 1,
          "attributes": {
            "computed_fields": null,
            "field_manager": [],
            "manifest": {
              "value": {
                "apiVersion": "traefik.containo.us/v1alpha1",
                "kind": "IngressRoute",
                "metadata": {
                  "name": "grafana-ingress",
                  "namespace": "prometheus-stack"
                },
                "spec": {
                  "entryPoints": [
                    "web"
                  ],
                  "routes": [
                    {
                      "kind": "Rule",
                      "match": "PathPrefix(`/grafana`)",
                      "services": [
                        {
                          "name": "kube-prometheus-stack-grafana",
                          "port": 80
                        }
                      ]
                    }
                  ]
                }
              },
              "type": [
                "object",
                {
                  "apiVersion": "string",
                  "kind": "string",
                  "metadata": [
                    "object",
                    {
                      "name": "string",
                      "namespace": "string"
                    }
                  ],
                  "spec": [
                    "object",
                    {
                      "entryPoints": [
                        "tuple",
                        [
                          "string"
                        ]
                      ],
                      "routes": [
                        "tuple",
                        [
                          [
                            "object",
                            {
                              "kind": "string",
                              "match": "string",
                              "services": [
                                "tuple",
                                [
                                  [
                                    "object",
                                    {
                                      "name": "string",
                                      "port": "number"
                                    }
                                  ]
                                ]
                              ]
                            }
                          ]
                        ]
                      ]
                    }
                  ]
                }
              ]
            },
            "object": {
              "value": {
                "apiVersion": "traefik.containo.us/v1alpha1",
                "kind": "IngressRoute",
                "metadata": {
                  "annotations": null,
                  "creationTimestamp": null,
                  "deletionGracePeriodSeconds": null,
                  "deletionTimestamp": null,
                  "finalizers": null,
                  "generateName": null,
                  "generation": null,
                  "labels": null,
                  "managedFields": null,
                  "name": "grafana-ingress",
                  "namespace": "prometheus-stack",
                  "ownerReferences": null,
                  "resourceVersion": null,
                  "selfLink": null,
                  "uid": null
                },
                "spec": {
                  "entryPoints": [
                    "web"
                  ],
                  "routes": [
                    {
                      "kind": "Rule",
                      "match": "PathPrefix(`/grafana`)",
                      "middlewares": null,
                      "priority": null,
                      "services": [
                        {
                          "kind": null,
                          "name": "kube-prometheus-stack-grafana",
                          "namespace": null,
                          "nativeLB": null,
                          "passHostHeader": null,
                          "port": "80",
                          "responseForwarding": {
                            "flushInterval": null
                          },
                          "scheme": null,
                          "serversTransport": null,
                          "sticky": {
                            "cookie": {
                              "httpOnly": null,
                              "name": null,
                              "sameSite": null,
                              "secure": null
                            }
                          },
                          "strategy": null,
                          "weight": null
                        }
                      ]
                    }
                  ],
                  "tls": {
                    "certResolver": null,
                    "domains": null,
                    "options": {
                      "name": null,
                      "namespace": null
                    },
                    "secretName": null,
                    "store": {
                      "name": null,
                      "namespace": null
                    }
                  }
                }
              },
              "type": [
                "object",
                {
                  "apiVersion": "string",
                  "kind": "string",
                  "metadata": [
                    "object",
                    {
                      "annotations": [
                        "map",
                        "string"
                      ],
                      "creationTimestamp": "string",
                      "deletionGracePeriodSeconds": "number",
                      "deletionTimestamp": "string",
                      "finalizers": [
                        "list",
                        "string"
                      ],
                      "generateName": "string",
                      "generation": "number",
                      "labels": [
                        "map",
                        "string"
                      ],
                      "managedFields": [
                        "tuple",
                        [
                          [
                            "object",
                            {
                              "apiVersion": "string",
                              "fieldsType": "string",
                              "fieldsV1": "dynamic",
                              "manager": "string",
                              "operation": "string",
                              "subresource": "string",
                              "time": "string"
                            }
                          ]
                        ]
                      ],
                      "name": "string",
                      "namespace": "string",
                      "ownerReferences": [
                        "list",
                        [
                          "object",
                          {
                            "apiVersion": "string",
                            "blockOwnerDeletion": "bool",
                            "controller": "bool",
                            "kind": "string",
                            "name": "string",
                            "uid": "string"
                          }
                        ]
                      ],
                      "resourceVersion": "string",
                      "selfLink": "string",
                      "uid": "string"
                    }
                  ],
                  "spec": [
                    "object",
                    {
                      "entryPoints": [
                        "list",
                        "string"
                      ],
                      "routes": [
                        "list",
                        [
                          "object",
                          {
                            "kind": "string",
                            "match": "string",
                            "middlewares": [
                              "list",
                              [
                                "object",
                                {
                                  "name": "string",
                                  "namespace": "string"
                                }
                              ]
                            ],
                            "priority": "number",
                            "services": [
                              "list",
                              [
                                "object",
                                {
                                  "kind": "string",
                                  "name": "string",
                                  "namespace": "string",
                                  "nativeLB": "bool",
                                  "passHostHeader": "bool",
                                  "port": "string",
                                  "responseForwarding": [
                                    "object",
                                    {
                                      "flushInterval": "string"
                                    }
                                  ],
                                  "scheme": "string",
                                  "serversTransport": "string",
                                  "sticky": [
                                    "object",
                                    {
                                      "cookie": [
                                        "object",
                                        {
                                          "httpOnly": "bool",
                                          "name": "string",
                                          "sameSite": "string",
                                          "secure": "bool"
                                        }
                                      ]
                                    }
                                  ],
                                  "strategy": "string",
                                  "weight": "number"
                                }
                              ]
                            ]
                          }
                        ]
                      ],
                      "tls": [
                        "object",
                        {
                          "certResolver": "string",
                          "domains": [
                            "list",
                            [
                              "object",
                              {
                                "main": "string",
                                "sans": [
                                  "list",
                                  "string"
                                ]
                              }
                            ]
                          ],
                          "options": [
                            "object",
                            {
                              "name": "string",
                              "namespace": "string"
                            }
                          ],
                          "secretName": "string",
                          "store": [
                            "object",
                            {
                              "name": "string",
                              "namespace": "string"
                            }
                          ]
                        }
                      ]
                    }
                  ]
                }
              ]
            },
            "timeouts": [],
            "wait": [],
            "wait_for": null
          },
          "sensitive_attributes": []
        }
      ]
    },
    {
      "mode": "managed",
      "type": "kubernetes_manifest",
      "name": "prometheus_ingressroute",
      "provider": "provider[\"registry.terraform.io/hashicorp/kubernetes\"]",
      "instances": [
        {
          "schema_version": 1,
          "attributes": {
            "computed_fields": null,
            "field_manager": [],
            "manifest": {
              "value": {
                "apiVersion": "traefik.containo.us/v1alpha1",
                "kind": "IngressRoute",
                "metadata": {
                  "name": "prometheus-ingress",
                  "namespace": "prometheus-stack"
                },
                "spec": {
                  "entryPoints": [
                    "web"
                  ],
                  "routes": [
                    {
                      "kind": "Rule",
                      "match": "PathPrefix(`/prometheus`)",
                      "services": [
                        {
                          "name": "kube-prometheus-stack-prometheus",
                          "port": 9090
                        }
                      ]
                    }
                  ]
                }
              },
              "type": [
                "object",
                {
                  "apiVersion": "string",
                  "kind": "string",
                  "metadata": [
                    "object",
                    {
                      "name": "string",
                      "namespace": "string"
                    }
                  ],
                  "spec": [
                    "object",
                    {
                      "entryPoints": [
                        "tuple",
                        [
                          "string"
                        ]
                      ],
                      "routes": [
                        "tuple",
                        [
                          [
                            "object",
                            {
                              "kind": "string",
                              "match": "string",
                              "services": [
                                "tuple",
                                [
                                  [
                                    "object",
                                    {
                                      "name": "string",
                                      "port": "number"
                                    }
                                  ]
                                ]
                              ]
                            }
                          ]
                        ]
                      ]
                    }
                  ]
                }
              ]
            },
            "object": {
              "value": {
                "apiVersion": "traefik.containo.us/v1alpha1",
                "kind": "IngressRoute",
                "metadata": {
                  "annotations": null,
                  "creationTimestamp": null,
                  "deletionGracePeriodSeconds": null,
                  "deletionTimestamp": null,
                  "finalizers": null,
                  "generateName": null,
                  "generation": null,
                  "labels": null,
                  "managedFields": null,
                  "name": "prometheus-ingress",
                  "namespace": "prometheus-stack",
                  "ownerReferences": null,
                  "resourceVersion": null,
                  "selfLink": null,
                  "uid": null
                },
                "spec": {
                  "entryPoints": [
                    "web"
                  ],
                  "routes": [
                    {
                      "kind": "Rule",
                      "match": "PathPrefix(`/prometheus`)",
                      "middlewares": null,
                      "priority": null,
                      "services": [
                        {
                          "kind": null,
                          "name": "kube-prometheus-stack-prometheus",
                          "namespace": null,
                          "nativeLB": null,
                          "passHostHeader": null,
                          "port": "9090",
                          "responseForwarding": {
                            "flushInterval": null
                          },
                          "scheme": null,
                          "serversTransport": null,
                          "sticky": {
                            "cookie": {
                              "httpOnly": null,
                              "name": null,
                              "sameSite": null,
                              "secure": null
                            }
                          },
                          "strategy": null,
                          "weight": null
                        }
                      ]
                    }
                  ],
                  "tls": {
                    "certResolver": null,
                    "domains": null,
                    "options": {
                      "name": null,
                      "namespace": null
                    },
                    "secretName": null,
                    "store": {
                      "name": null,
                      "namespace": null
                    }
                  }
                }
              },
              "type": [
                "object",
                {
                  "apiVersion": "string",
                  "kind": "string",
                  "metadata": [
                    "object",
                    {
                      "annotations": [
                        "map",
                        "string"
                      ],
                      "creationTimestamp": "string",
                      "deletionGracePeriodSeconds": "number",
                      "deletionTimestamp": "string",
                      "finalizers": [
                        "list",
                        "string"
                      ],
                      "generateName": "string",
                      "generation": "number",
                      "labels": [
                        "map",
                        "string"
                      ],
                      "managedFields": [
                        "tuple",
                        [
                          [
                            "object",
                            {
                              "apiVersion": "string",
                              "fieldsType": "string",
                              "fieldsV1": "dynamic",
                              "manager": "string",
                              "operation": "string",
                              "subresource": "string",
                              "time": "string"
                            }
                          ]
                        ]
                      ],
                      "name": "string",
                      "namespace": "string",
                      "ownerReferences": [
                        "list",
                        [
                          "object",
                          {
                            "apiVersion": "string",
                            "blockOwnerDeletion": "bool",
                            "controller": "bool",
                            "kind": "string",
                            "name": "string",
                            "uid": "string"
                          }
                        ]
                      ],
                      "resourceVersion": "string",
                      "selfLink": "string",
                      "uid": "string"
                    }
                  ],
                  "spec": [
                    "object",
                    {
                      "entryPoints": [
                        "list",
                        "string"
                      ],
                      "routes": [
                        "list",
                        [
                          "object",
                          {
                            "kind": "string",
                            "match": "string",
                            "middlewares": [
                              "list",
                              [
                                "object",
                                {
                                  "name": "string",
                                  "namespace": "string"
                                }
                              ]
                            ],
                            "priority": "number",
                            "services": [
                              "list",
                              [
                                "object",
                                {
                                  "kind": "string",
                                  "name": "string",
                                  "namespace": "string",
                                  "nativeLB": "bool",
                                  "passHostHeader": "bool",
                                  "port": "string",
                                  "responseForwarding": [
                                    "object",
                                    {
                                      "flushInterval": "string"
                                    }
                                  ],
                                  "scheme": "string",
                                  "serversTransport": "string",
                                  "sticky": [
                                    "object",
                                    {
                                      "cookie": [
                                        "object",
                                        {
                                          "httpOnly": "bool",
                                          "name": "string",
                                          "sameSite": "string",
                                          "secure": "bool"
                                        }
                                      ]
                                    }
                                  ],
                                  "strategy": "string",
                                  "weight": "number"
                                }
                              ]
                            ]
                          }
                        ]
                      ],
                      "tls": [
                        "object",
                        {
                          "certResolver": "string",
                          "domains": [
                            "list",
                            [
                              "object",
                              {
                                "main": "string",
                                "sans": [
                                  "list",
                                  "string"
                                ]
                              }
                            ]
                          ],
                          "options": [
                            "object",
                            {
                              "name": "string",
                              "namespace": "string"
                            }
                          ],
                          "secretName": "string",
                          "store": [
                            "object",
                            {
                              "name": "string",
                              "namespace": "string"
                            }
                          ]
                        }
                      ]
                    }
                  ]
                }
              ]
            },
            "timeouts": [],
            "wait": [],
            "wait_for": null
          },
          "sensitive_attributes": []
        }
      ]
    },
    {
      "mode": "managed",
      "type": "kubernetes_manifest",
      "name": "traefik_dashboard",
      "provider": "provider[\"registry.terraform.io/hashicorp/kubernetes\"]",
      "instances": [
        {
          "schema_version": 1,
          "attributes": {
            "computed_fields": null,
            "field_manager": [],
            "manifest": {
              "value": {
                "apiVersion": "traefik.containo.us/v1alpha1",
                "kind": "IngressRoute",
                "metadata": {
                  "name": "dashboard",
                  "namespace": "traefik"
                },
                "spec": {
                  "entryPoints": [
                    "web"
                  ],
                  "routes": [
                    {
                      "kind": "Rule",
                      "match": "Host(`localhost`) \u0026\u0026 PathPrefix(`/traefik`)",
                      "services": [
                        {
                          "kind": "TraefikService",
                          "name": "api@internal"
                        }
                      ]
                    }
                  ]
                }
              },
              "type": [
                "object",
                {
                  "apiVersion": "string",
                  "kind": "string",
                  "metadata": [
                    "object",
                    {
                      "name": "string",
                      "namespace": "string"
                    }
                  ],
                  "spec": [
                    "object",
                    {
                      "entryPoints": [
                        "tuple",
                        [
                          "string"
                        ]
                      ],
                      "routes": [
                        "tuple",
                        [
                          [
                            "object",
                            {
                              "kind": "string",
                              "match": "string",
                              "services": [
                                "tuple",
                                [
                                  [
                                    "object",
                                    {
                                      "kind": "string",
                                      "name": "string"
                                    }
                                  ]
                                ]
                              ]
                            }
                          ]
                        ]
                      ]
                    }
                  ]
                }
              ]
            },
            "object": {
              "value": {
                "apiVersion": "traefik.containo.us/v1alpha1",
                "kind": "IngressRoute",
                "metadata": {
                  "annotations": null,
                  "creationTimestamp": null,
                  "deletionGracePeriodSeconds": null,
                  "deletionTimestamp": null,
                  "finalizers": null,
                  "generateName": null,
                  "generation": null,
                  "labels": null,
                  "managedFields": null,
                  "name": "dashboard",
                  "namespace": "traefik",
                  "ownerReferences": null,
                  "resourceVersion": null,
                  "selfLink": null,
                  "uid": null
                },
                "spec": {
                  "entryPoints": [
                    "web"
                  ],
                  "routes": [
                    {
                      "kind": "Rule",
                      "match": "Host(`localhost`) \u0026\u0026 PathPrefix(`/traefik`)",
                      "middlewares": null,
                      "priority": null,
                      "services": [
                        {
                          "kind": "TraefikService",
                          "name": "api@internal",
                          "namespace": null,
                          "nativeLB": null,
                          "passHostHeader": null,
                          "port": null,
                          "responseForwarding": {
                            "flushInterval": null
                          },
                          "scheme": null,
                          "serversTransport": null,
                          "sticky": {
                            "cookie": {
                              "httpOnly": null,
                              "name": null,
                              "sameSite": null,
                              "secure": null
                            }
                          },
                          "strategy": null,
                          "weight": null
                        }
                      ]
                    }
                  ],
                  "tls": {
                    "certResolver": null,
                    "domains": null,
                    "options": {
                      "name": null,
                      "namespace": null
                    },
                    "secretName": null,
                    "store": {
                      "name": null,
                      "namespace": null
                    }
                  }
                }
              },
              "type": [
                "object",
                {
                  "apiVersion": "string",
                  "kind": "string",
                  "metadata": [
                    "object",
                    {
                      "annotations": [
                        "map",
                        "string"
                      ],
                      "creationTimestamp": "string",
                      "deletionGracePeriodSeconds": "number",
                      "deletionTimestamp": "string",
                      "finalizers": [
                        "list",
                        "string"
                      ],
                      "generateName": "string",
                      "generation": "number",
                      "labels": [
                        "map",
                        "string"
                      ],
                      "managedFields": [
                        "tuple",
                        [
                          [
                            "object",
                            {
                              "apiVersion": "string",
                              "fieldsType": "string",
                              "fieldsV1": "dynamic",
                              "manager": "string",
                              "operation": "string",
                              "subresource": "string",
                              "time": "string"
                            }
                          ]
                        ]
                      ],
                      "name": "string",
                      "namespace": "string",
                      "ownerReferences": [
                        "list",
                        [
                          "object",
                          {
                            "apiVersion": "string",
                            "blockOwnerDeletion": "bool",
                            "controller": "bool",
                            "kind": "string",
                            "name": "string",
                            "uid": "string"
                          }
                        ]
                      ],
                      "resourceVersion": "string",
                      "selfLink": "string",
                      "uid": "string"
                    }
                  ],
                  "spec": [
                    "object",
                    {
                      "entryPoints": [
                        "list",
                        "string"
                      ],
                      "routes": [
                        "list",
                        [
                          "object",
                          {
                            "kind": "string",
                            "match": "string",
                            "middlewares": [
                              "list",
                              [
                                "object",
                                {
                                  "name": "string",
                                  "namespace": "string"
                                }
                              ]
                            ],
                            "priority": "number",
                            "services": [
                              "list",
                              [
                                "object",
                                {
                                  "kind": "string",
                                  "name": "string",
                                  "namespace": "string",
                                  "nativeLB": "bool",
                                  "passHostHeader": "bool",
                                  "port": "string",
                                  "responseForwarding": [
                                    "object",
                                    {
                                      "flushInterval": "string"
                                    }
                                  ],
                                  "scheme": "string",
                                  "serversTransport": "string",
                                  "sticky": [
                                    "object",
                                    {
                                      "cookie": [
                                        "object",
                                        {
                                          "httpOnly": "bool",
                                          "name": "string",
                                          "sameSite": "string",
                                          "secure": "bool"
                                        }
                                      ]
                                    }
                                  ],
                                  "strategy": "string",
                                  "weight": "number"
                                }
                              ]
                            ]
                          }
                        ]
                      ],
                      "tls": [
                        "object",
                        {
                          "certResolver": "string",
                          "domains": [
                            "list",
                            [
                              "object",
                              {
                                "main": "string",
                                "sans": [
                                  "list",
                                  "string"
                                ]
                              }
                            ]
                          ],
                          "options": [
                            "object",
                            {
                              "name": "string",
                              "namespace": "string"
                            }
                          ],
                          "secretName": "string",
                          "store": [
                            "object",
                            {
                              "name": "string",
                              "namespace": "string"
                            }
                          ]
                        }
                      ]
                    }
                  ]
                }
              ]
            },
            "timeouts": [],
            "wait": [],
            "wait_for": null
          },
          "sensitive_attributes": []
        }
      ]
    },
    {
      "mode": "managed",
      "type": "kubernetes_namespace",
      "name": "microservice_namespaces",
      "provider": "provider[\"registry.terraform.io/hashicorp/kubernetes\"]",
      "instances": [
        {
          "index_key": "home-assistant",
          "schema_version": 0,
          "attributes": {
            "id": "home-assistant",
            "metadata": [
              {
                "annotations": {},
                "generate_name": "",
                "generation": 0,
                "labels": {},
                "name": "home-assistant",
                "resource_version": "4392619",
                "uid": "9e9f0fc1-7600-4964-9c96-c44260b52eb9"
              }
            ],
            "timeouts": null,
            "wait_for_default_service_account": false
          },
          "sensitive_attributes": [],
          "private": "eyJlMmJmYjczMC1lY2FhLTExZTYtOGY4OC0zNDM2M2JjN2M0YzAiOnsiZGVsZXRlIjozMDAwMDAwMDAwMDB9fQ=="
        },
        {
          "index_key": "home-bridge",
          "schema_version": 0,
          "attributes": {
            "id": "home-bridge",
            "metadata": [
              {
                "annotations": {},
                "generate_name": "",
                "generation": 0,
                "labels": {},
                "name": "home-bridge",
                "resource_version": "4392616",
                "uid": "aa8fb867-fae9-45e5-aaa2-23321ea1c816"
              }
            ],
            "timeouts": null,
            "wait_for_default_service_account": false
          },
          "sensitive_attributes": [],
          "private": "eyJlMmJmYjczMC1lY2FhLTExZTYtOGY4OC0zNDM2M2JjN2M0YzAiOnsiZGVsZXRlIjozMDAwMDAwMDAwMDB9fQ=="
        },
        {
          "index_key": "keycloak",
          "schema_version": 0,
          "attributes": {
            "id": "keycloak",
            "metadata": [
              {
                "annotations": {},
                "generate_name": "",
                "generation": 0,
                "labels": {},
                "name": "keycloak",
                "resource_version": "4395890",
                "uid": "4ceea2e1-50e9-4e40-9747-53cd0e9c9b82"
              }
            ],
            "timeouts": null,
            "wait_for_default_service_account": false
          },
          "sensitive_attributes": [],
          "private": "eyJlMmJmYjczMC1lY2FhLTExZTYtOGY4OC0zNDM2M2JjN2M0YzAiOnsiZGVsZXRlIjozMDAwMDAwMDAwMDB9fQ=="
        },
        {
          "index_key": "prometheus-stack",
          "schema_version": 0,
          "attributes": {
            "id": "prometheus-stack",
            "metadata": [
              {
                "annotations": {},
                "generate_name": "",
                "generation": 0,
                "labels": {},
                "name": "prometheus-stack",
                "resource_version": "4392617",
                "uid": "ec267b41-f6ea-46d1-8b13-41c6aaa3a5d3"
              }
            ],
            "timeouts": null,
            "wait_for_default_service_account": false
          },
          "sensitive_attributes": [],
          "private": "eyJlMmJmYjczMC1lY2FhLTExZTYtOGY4OC0zNDM2M2JjN2M0YzAiOnsiZGVsZXRlIjozMDAwMDAwMDAwMDB9fQ=="
        },
        {
          "index_key": "supabase",
          "schema_version": 0,
          "attributes": {
            "id": "supabase",
            "metadata": [
              {
                "annotations": {},
                "generate_name": "",
                "generation": 0,
                "labels": {},
                "name": "supabase",
                "resource_version": "4392618",
                "uid": "5bf2d5b9-c74b-41b0-9e04-bf96b07cd10a"
              }
            ],
            "timeouts": null,
            "wait_for_default_service_account": false
          },
          "sensitive_attributes": [],
          "private": "eyJlMmJmYjczMC1lY2FhLTExZTYtOGY4OC0zNDM2M2JjN2M0YzAiOnsiZGVsZXRlIjozMDAwMDAwMDAwMDB9fQ=="
        },
        {
          "index_key": "traefik",
          "schema_version": 0,
          "attributes": {
            "id": "traefik",
            "metadata": [
              {
                "annotations": {},
                "generate_name": "",
                "generation": 0,
                "labels": {},
                "name": "traefik",
                "resource_version": "4392620",
                "uid": "1f5f7eb5-23e5-4194-b78b-f5a0afea36ac"
              }
            ],
            "timeouts": null,
            "wait_for_default_service_account": false
          },
          "sensitive_attributes": [],
          "private": "eyJlMmJmYjczMC1lY2FhLTExZTYtOGY4OC0zNDM2M2JjN2M0YzAiOnsiZGVsZXRlIjozMDAwMDAwMDAwMDB9fQ=="
        }
      ]
    }
  ],
  "check_results": null
}
